
Microsoft Visual Studio Solution File, Format Version 12.00
# Visual Studio 15
VisualStudioVersion = 15.0.28307.1022
MinimumVisualStudioVersion = 10.0.40219.1
Project("{FAE04EC0-301F-11D3-BF4B-00C04F79EFBC}") = "AppApresentacaoPessoal.Android", "AppApresentacaoPessoal\AppApresentacaoPessoal.Android\AppApresentacaoPessoal.Android.csproj", "{EDE6F06E-E500-43A4-BB2F-9B616B189415}"
EndProject
Project("{FAE04EC0-301F-11D3-BF4B-00C04F79EFBC}") = "AppApresentacaoPessoal.iOS", "AppApresentacaoPessoal\AppApresentacaoPessoal.iOS\AppApresentacaoPessoal.iOS.csproj", "{5EC85802-2AAE-46C5-B21F-ADE2BD699383}"
EndProject
Project("{FAE04EC0-301F-11D3-BF4B-00C04F79EFBC}") = "AppApresentacaoPessoal.UWP", "AppApresentacaoPessoal\AppApresentacaoPessoal.UWP\AppApresentacaoPessoal.UWP.csproj", "{D2996E9A-1012-4F95-8B78-2B639AEC181B}"
EndProject
Project("{FAE04EC0-301F-11D3-BF4B-00C04F79EFBC}") = "AppApresentacaoPessoal", "AppApresentacaoPessoal\AppApresentacaoPessoal\AppApresentacaoPessoal.csproj", "{D6AA03C1-FF9F-4EF4-9B4B-6EEDC474DE78}"
EndProject
Global
	GlobalSection(SolutionConfigurationPlatforms) = preSolution
		Ad-Hoc|Any CPU = Ad-Hoc|Any CPU
		Ad-Hoc|ARM = Ad-Hoc|ARM
		Ad-Hoc|iPhone = Ad-Hoc|iPhone
		Ad-Hoc|iPhoneSimulator = Ad-Hoc|iPhoneSimulator
		Ad-Hoc|x64 = Ad-Hoc|x64
		Ad-Hoc|x86 = Ad-Hoc|x86
		AppStore|Any CPU = AppStore|Any CPU
		AppStore|ARM = AppStore|ARM
		AppStore|iPhone = AppStore|iPhone
		AppStore|iPhoneSimulator = AppStore|iPhoneSimulator
		AppStore|x64 = AppStore|x64
		AppStore|x86 = AppStore|x86
		Debug|Any CPU = Debug|Any CPU
		Debug|ARM = Debug|ARM
		Debug|iPhone = Debug|iPhone
		Debug|iPhoneSimulator = Debug|iPhoneSimulator
		Debug|x64 = Debug|x64
		Debug|x86 = Debug|x86
		Release|Any CPU = Release|Any CPU
		Release|ARM = Release|ARM
		Release|iPhone = Release|iPhone
		Release|iPhoneSimulator = Release|iPhoneSimulator
		Release|x64 = Release|x64
		Release|x86 = Release|x86
	EndGlobalSection
	GlobalSection(ProjectConfigurationPlatforms) = postSolution
		{EDE6F06E-E500-43A4-BB2F-9B616B189415}.Ad-Hoc|Any CPU.ActiveCfg = Release|Any CPU
		{EDE6F06E-E500-43A4-BB2F-9B616B189415}.Ad-Hoc|Any CPU.Build.0 = Release|Any CPU
		{EDE6F06E-E500-43A4-BB2F-9B616B189415}.Ad-Hoc|Any CPU.Deploy.0 = Release|Any CPU
		{EDE6F06E-E500-43A4-BB2F-9B616B189415}.Ad-Hoc|ARM.ActiveCfg = Release|Any CPU
		{EDE6F06E-E500-43A4-BB2F-9B616B189415}.Ad-Hoc|ARM.Build.0 = Release|Any CPU
		{EDE6F06E-E500-43A4-BB2F-9B616B189415}.Ad-Hoc|ARM.Deploy.0 = Release|Any CPU
		{EDE6F06E-E500-43A4-BB2F-9B616B189415}.Ad-Hoc|iPhone.ActiveCfg = Release|Any CPU
		{EDE6F06E-E500-43A4-BB2F-9B616B189415}.Ad-Hoc|iPhone.Build.0 = Release|Any CPU
		{EDE6F06E-E500-43A4-BB2F-9B616B189415}.Ad-Hoc|iPhone.Deploy.0 = Release|Any CPU
		{EDE6F06E-E500-43A4-BB2F-9B616B189415}.Ad-Hoc|iPhoneSimulator.ActiveCfg = Release|Any CPU
		{EDE6F06E-E500-43A4-BB2F-9B616B189415}.Ad-Hoc|iPhoneSimulator.Build.0 = Release|Any CPU
		{EDE6F06E-E500-43A4-BB2F-9B616B189415}.Ad-Hoc|iPhoneSimulator.Deploy.0 = Release|Any CPU
		{EDE6F06E-E500-43A4-BB2F-9B616B189415}.Ad-Hoc|x64.ActiveCfg = Release|Any CPU
		{EDE6F06E-E500-43A4-BB2F-9B616B189415}.Ad-Hoc|x64.Build.0 = Release|Any CPU
		{EDE6F06E-E500-43A4-BB2F-9B616B189415}.Ad-Hoc|x64.Deploy.0 = Release|Any CPU
		{EDE6F06E-E500-43A4-BB2F-9B616B189415}.Ad-Hoc|x86.ActiveCfg = Release|Any CPU
		{EDE6F06E-E500-43A4-BB2F-9B616B189415}.Ad-Hoc|x86.Build.0 = Release|Any CPU
		{EDE6F06E-E500-43A4-BB2F-9B616B189415}.Ad-Hoc|x86.Deploy.0 = Release|Any CPU
		{EDE6F06E-E500-43A4-BB2F-9B616B189415}.AppStore|Any CPU.ActiveCfg = Release|Any CPU
		{EDE6F06E-E500-43A4-BB2F-9B616B189415}.AppStore|Any CPU.Build.0 = Release|Any CPU
		{EDE6F06E-E500-43A4-BB2F-9B616B189415}.AppStore|Any CPU.Deploy.0 = Release|Any CPU
		{EDE6F06E-E500-43A4-BB2F-9B616B189415}.AppStore|ARM.ActiveCfg = Release|Any CPU
		{EDE6F06E-E500-43A4-BB2F-9B616B189415}.AppStore|ARM.Build.0 = Release|Any CPU
		{EDE6F06E-E500-43A4-BB2F-9B616B189415}.AppStore|ARM.Deploy.0 = Release|Any CPU
		{EDE6F06E-E500-43A4-BB2F-9B616B189415}.AppStore|iPhone.ActiveCfg = Release|Any CPU
		{EDE6F06E-E500-43A4-BB2F-9B616B189415}.AppStore|iPhone.Build.0 = Release|Any CPU
		{EDE6F06E-E500-43A4-BB2F-9B616B189415}.AppStore|iPhone.Deploy.0 = Release|Any CPU
		{EDE6F06E-E500-43A4-BB2F-9B616B189415}.AppStore|iPhoneSimulator.ActiveCfg = Release|Any CPU
		{EDE6F06E-E500-43A4-BB2F-9B616B189415}.AppStore|iPhoneSimulator.Build.0 = Release|Any CPU
		{EDE6F06E-E500-43A4-BB2F-9B616B189415}.AppStore|iPhoneSimulator.Deploy.0 = Release|Any CPU
		{EDE6F06E-E500-43A4-BB2F-9B616B189415}.AppStore|x64.ActiveCfg = Release|Any CPU
		{EDE6F06E-E500-43A4-BB2F-9B616B189415}.AppStore|x64.Build.0 = Release|Any CPU
		{EDE6F06E-E500-43A4-BB2F-9B616B189415}.AppStore|x64.Deploy.0 = Release|Any CPU
		{EDE6F06E-E500-43A4-BB2F-9B616B189415}.AppStore|x86.ActiveCfg = Release|Any CPU
		{EDE6F06E-E500-43A4-BB2F-9B616B189415}.AppStore|x86.Build.0 = Release|Any CPU
		{EDE6F06E-E500-43A4-BB2F-9B616B189415}.AppStore|x86.Deploy.0 = Release|Any CPU
		{EDE6F06E-E500-43A4-BB2F-9B616B189415}.Debug|Any CPU.ActiveCfg = Debug|Any CPU
		{EDE6F06E-E500-43A4-BB2F-9B616B189415}.Debug|Any CPU.Build.0 = Debug|Any CPU
		{EDE6F06E-E500-43A4-BB2F-9B616B189415}.Debug|Any CPU.Deploy.0 = Debug|Any CPU
		{EDE6F06E-E500-43A4-BB2F-9B616B189415}.Debug|ARM.ActiveCfg = Debug|Any CPU
		{EDE6F06E-E500-43A4-BB2F-9B616B189415}.Debug|ARM.Build.0 = Debug|Any CPU
		{EDE6F06E-E500-43A4-BB2F-9B616B189415}.Debug|ARM.Deploy.0 = Debug|Any CPU
		{EDE6F06E-E500-43A4-BB2F-9B616B189415}.Debug|iPhone.ActiveCfg = Debug|Any CPU
		{EDE6F06E-E500-43A4-BB2F-9B616B189415}.Debug|iPhone.Build.0 = Debug|Any CPU
		{EDE6F06E-E500-43A4-BB2F-9B616B189415}.Debug|iPhone.Deploy.0 = Debug|Any CPU
		{EDE6F06E-E500-43A4-BB2F-9B616B189415}.Debug|iPhoneSimulator.ActiveCfg = Debug|Any CPU
		{EDE6F06E-E500-43A4-BB2F-9B616B189415}.Debug|iPhoneSimulator.Build.0 = Debug|Any CPU
		{EDE6F06E-E500-43A4-BB2F-9B616B189415}.Debug|iPhoneSimulator.Deploy.0 = Debug|Any CPU
		{EDE6F06E-E500-43A4-BB2F-9B616B189415}.Debug|x64.ActiveCfg = Debug|Any CPU
		{EDE6F06E-E500-43A4-BB2F-9B616B189415}.Debug|x64.Build.0 = Debug|Any CPU
		{EDE6F06E-E500-43A4-BB2F-9B616B189415}.Debug|x64.Deploy.0 = Debug|Any CPU
		{EDE6F06E-E500-43A4-BB2F-9B616B189415}.Debug|x86.ActiveCfg = Debug|Any CPU
		{EDE6F06E-E500-43A4-BB2F-9B616B189415}.Debug|x86.Build.0 = Debug|Any CPU
		{EDE6F06E-E500-43A4-BB2F-9B616B189415}.Debug|x86.Deploy.0 = Debug|Any CPU
		{EDE6F06E-E500-43A4-BB2F-9B616B189415}.Release|Any CPU.ActiveCfg = Release|Any CPU
		{EDE6F06E-E500-43A4-BB2F-9B616B189415}.Release|Any CPU.Build.0 = Release|Any CPU
		{EDE6F06E-E500-43A4-BB2F-9B616B189415}.Release|Any CPU.Deploy.0 = Release|Any CPU
		{EDE6F06E-E500-43A4-BB2F-9B616B189415}.Release|ARM.ActiveCfg = Release|Any CPU
		{EDE6F06E-E500-43A4-BB2F-9B616B189415}.Release|ARM.Build.0 = Release|Any CPU
		{EDE6F06E-E500-43A4-BB2F-9B616B189415}.Release|ARM.Deploy.0 = Release|Any CPU
		{EDE6F06E-E500-43A4-BB2F-9B616B189415}.Release|iPhone.ActiveCfg = Release|Any CPU
		{EDE6F06E-E500-43A4-BB2F-9B616B189415}.Release|iPhone.Build.0 = Release|Any CPU
		{EDE6F06E-E500-43A4-BB2F-9B616B189415}.Release|iPhone.Deploy.0 = Release|Any CPU
		{EDE6F06E-E500-43A4-BB2F-9B616B189415}.Release|iPhoneSimulator.ActiveCfg = Release|Any CPU
		{EDE6F06E-E500-43A4-BB2F-9B616B189415}.Release|iPhoneSimulator.Build.0 = Release|Any CPU
		{EDE6F06E-E500-43A4-BB2F-9B616B189415}.Release|iPhoneSimulator.Deploy.0 = Release|Any CPU
		{EDE6F06E-E500-43A4-BB2F-9B616B189415}.Release|x64.ActiveCfg = Release|Any CPU
		{EDE6F06E-E500-43A4-BB2F-9B616B189415}.Release|x64.Build.0 = Release|Any CPU
		{EDE6F06E-E500-43A4-BB2F-9B616B189415}.Release|x64.Deploy.0 = Release|Any CPU
		{EDE6F06E-E500-43A4-BB2F-9B616B189415}.Release|x86.ActiveCfg = Release|Any CPU
		{EDE6F06E-E500-43A4-BB2F-9B616B189415}.Release|x86.Build.0 = Release|Any CPU
		{EDE6F06E-E500-43A4-BB2F-9B616B189415}.Release|x86.Deploy.0 = Release|Any CPU
		{5EC85802-2AAE-46C5-B21F-ADE2BD699383}.Ad-Hoc|Any CPU.ActiveCfg = Ad-Hoc|iPhone
		{5EC85802-2AAE-46C5-B21F-ADE2BD699383}.Ad-Hoc|Any CPU.Build.0 = Ad-Hoc|iPhone
		{5EC85802-2AAE-46C5-B21F-ADE2BD699383}.Ad-Hoc|Any CPU.Deploy.0 = Ad-Hoc|iPhone
		{5EC85802-2AAE-46C5-B21F-ADE2BD699383}.Ad-Hoc|ARM.ActiveCfg = Ad-Hoc|iPhone
		{5EC85802-2AAE-46C5-B21F-ADE2BD699383}.Ad-Hoc|ARM.Build.0 = Ad-Hoc|iPhone
		{5EC85802-2AAE-46C5-B21F-ADE2BD699383}.Ad-Hoc|ARM.Deploy.0 = Ad-Hoc|iPhone
		{5EC85802-2AAE-46C5-B21F-ADE2BD699383}.Ad-Hoc|iPhone.ActiveCfg = Ad-Hoc|iPhone
		{5EC85802-2AAE-46C5-B21F-ADE2BD699383}.Ad-Hoc|iPhone.Build.0 = Ad-Hoc|iPhone
		{5EC85802-2AAE-46C5-B21F-ADE2BD699383}.Ad-Hoc|iPhone.Deploy.0 = Ad-Hoc|iPhone
		{5EC85802-2AAE-46C5-B21F-ADE2BD699383}.Ad-Hoc|iPhoneSimulator.ActiveCfg = Ad-Hoc|iPhoneSimulator
		{5EC85802-2AAE-46C5-B21F-ADE2BD699383}.Ad-Hoc|iPhoneSimulator.Build.0 = Ad-Hoc|iPhoneSimulator
		{5EC85802-2AAE-46C5-B21F-ADE2BD699383}.Ad-Hoc|iPhoneSimulator.Deploy.0 = Ad-Hoc|iPhoneSimulator
		{5EC85802-2AAE-46C5-B21F-ADE2BD699383}.Ad-Hoc|x64.ActiveCfg = Ad-Hoc|iPhone
		{5EC85802-2AAE-46C5-B21F-ADE2BD699383}.Ad-Hoc|x64.Build.0 = Ad-Hoc|iPhone
		{5EC85802-2AAE-46C5-B21F-ADE2BD699383}.Ad-Hoc|x64.Deploy.0 = Ad-Hoc|iPhone
		{5EC85802-2AAE-46C5-B21F-ADE2BD699383}.Ad-Hoc|x86.ActiveCfg = Ad-Hoc|iPhone
		{5EC85802-2AAE-46C5-B21F-ADE2BD699383}.Ad-Hoc|x86.Build.0 = Ad-Hoc|iPhone
		{5EC85802-2AAE-46C5-B21F-ADE2BD699383}.Ad-Hoc|x86.Deploy.0 = Ad-Hoc|iPhone
		{5EC85802-2AAE-46C5-B21F-ADE2BD699383}.AppStore|Any CPU.ActiveCfg = AppStore|iPhone
		{5EC85802-2AAE-46C5-B21F-ADE2BD699383}.AppStore|Any CPU.Build.0 = AppStore|iPhone
		{5EC85802-2AAE-46C5-B21F-ADE2BD699383}.AppStore|Any CPU.Deploy.0 = AppStore|iPhone
		{5EC85802-2AAE-46C5-B21F-ADE2BD699383}.AppStore|ARM.ActiveCfg = AppStore|iPhone
		{5EC85802-2AAE-46C5-B21F-ADE2BD699383}.AppStore|ARM.Build.0 = AppStore|iPhone
		{5EC85802-2AAE-46C5-B21F-ADE2BD699383}.AppStore|ARM.Deploy.0 = AppStore|iPhone
		{5EC85802-2AAE-46C5-B21F-ADE2BD699383}.AppStore|iPhone.ActiveCfg = AppStore|iPhone
		{5EC85802-2AAE-46C5-B21F-ADE2BD699383}.AppStore|iPhone.Build.0 = AppStore|iPhone
		{5EC85802-2AAE-46C5-B21F-ADE2BD699383}.AppStore|iPhone.Deploy.0 = AppStore|iPhone
		{5EC85802-2AAE-46C5-B21F-ADE2BD699383}.AppStore|iPhoneSimulator.ActiveCfg = AppStore|iPhoneSimulator
		{5EC85802-2AAE-46C5-B21F-ADE2BD699383}.AppStore|iPhoneSimulator.Build.0 = AppStore|iPhoneSimulator
		{5EC85802-2AAE-46C5-B21F-ADE2BD699383}.AppStore|iPhoneSimulator.Deploy.0 = AppStore|iPhoneSimulator
		{5EC85802-2AAE-46C5-B21F-ADE2BD699383}.AppStore|x64.ActiveCfg = AppStore|iPhone
		{5EC85802-2AAE-46C5-B21F-ADE2BD699383}.AppStore|x64.Build.0 = AppStore|iPhone
		{5EC85802-2AAE-46C5-B21F-ADE2BD699383}.AppStore|x64.Deploy.0 = AppStore|iPhone
		{5EC85802-2AAE-46C5-B21F-ADE2BD699383}.AppStore|x86.ActiveCfg = AppStore|iPhone
		{5EC85802-2AAE-46C5-B21F-ADE2BD699383}.AppStore|x86.Build.0 = AppStore|iPhone
		{5EC85802-2AAE-46C5-B21F-ADE2BD699383}.AppStore|x86.Deploy.0 = AppStore|iPhone
		{5EC85802-2AAE-46C5-B21F-ADE2BD699383}.Debug|Any CPU.ActiveCfg = Debug|iPhoneSimulator
		{5EC85802-2AAE-46C5-B21F-ADE2BD699383}.Debug|Any CPU.Build.0 = Debug|iPhoneSimulator
		{5EC85802-2AAE-46C5-B21F-ADE2BD699383}.Debug|Any CPU.Deploy.0 = Debug|iPhoneSimulator
		{5EC85802-2AAE-46C5-B21F-ADE2BD699383}.Debug|ARM.ActiveCfg = Debug|iPhone
		{5EC85802-2AAE-46C5-B21F-ADE2BD699383}.Debug|ARM.Build.0 = Debug|iPhone
		{5EC85802-2AAE-46C5-B21F-ADE2BD699383}.Debug|ARM.Deploy.0 = Debug|iPhone
		{5EC85802-2AAE-46C5-B21F-ADE2BD699383}.Debug|iPhone.ActiveCfg = Debug|iPhone
		{5EC85802-2AAE-46C5-B21F-ADE2BD699383}.Debug|iPhone.Build.0 = Debug|iPhone
		{5EC85802-2AAE-46C5-B21F-ADE2BD699383}.Debug|iPhone.Deploy.0 = Debug|iPhone
		{5EC85802-2AAE-46C5-B21F-ADE2BD699383}.Debug|iPhoneSimulator.ActiveCfg = Debug|iPhoneSimulator
		{5EC85802-2AAE-46C5-B21F-ADE2BD699383}.Debug|iPhoneSimulator.Build.0 = Debug|iPhoneSimulator
		{5EC85802-2AAE-46C5-B21F-ADE2BD699383}.Debug|iPhoneSimulator.Deploy.0 = Debug|iPhoneSimulator
		{5EC85802-2AAE-46C5-B21F-ADE2BD699383}.Debug|x64.ActiveCfg = Debug|iPhone
		{5EC85802-2AAE-46C5-B21F-ADE2BD699383}.Debug|x64.Build.0 = Debug|iPhone
		{5EC85802-2AAE-46C5-B21F-ADE2BD699383}.Debug|x64.Deploy.0 = Debug|iPhone
		{5EC85802-2AAE-46C5-B21F-ADE2BD699383}.Debug|x86.ActiveCfg = Debug|iPhone
		{5EC85802-2AAE-46C5-B21F-ADE2BD699383}.Debug|x86.Build.0 = Debug|iPhone
		{5EC85802-2AAE-46C5-B21F-ADE2BD699383}.Debug|x86.Deploy.0 = Debug|iPhone
		{5EC85802-2AAE-46C5-B21F-ADE2BD699383}.Release|Any CPU.ActiveCfg = Release|iPhone
		{5EC85802-2AAE-46C5-B21F-ADE2BD699383}.Release|Any CPU.Build.0 = Release|iPhone
		{5EC85802-2AAE-46C5-B21F-ADE2BD699383}.Release|Any CPU.Deploy.0 = Release|iPhone
		{5EC85802-2AAE-46C5-B21F-ADE2BD699383}.Release|ARM.ActiveCfg = Release|iPhone
		{5EC85802-2AAE-46C5-B21F-ADE2BD699383}.Release|ARM.Build.0 = Release|iPhone
		{5EC85802-2AAE-46C5-B21F-ADE2BD699383}.Release|ARM.Deploy.0 = Release|iPhone
		{5EC85802-2AAE-46C5-B21F-ADE2BD699383}.Release|iPhone.ActiveCfg = Release|iPhone
		{5EC85802-2AAE-46C5-B21F-ADE2BD699383}.Release|iPhone.Build.0 = Release|iPhone
		{5EC85802-2AAE-46C5-B21F-ADE2BD699383}.Release|iPhone.Deploy.0 = Release|iPhone
		{5EC85802-2AAE-46C5-B21F-ADE2BD699383}.Release|iPhoneSimulator.ActiveCfg = Release|iPhoneSimulator
		{5EC85802-2AAE-46C5-B21F-ADE2BD699383}.Release|iPhoneSimulator.Build.0 = Release|iPhoneSimulator
		{5EC85802-2AAE-46C5-B21F-ADE2BD699383}.Release|iPhoneSimulator.Deploy.0 = Release|iPhoneSimulator
		{5EC85802-2AAE-46C5-B21F-ADE2BD699383}.Release|x64.ActiveCfg = Release|iPhone
		{5EC85802-2AAE-46C5-B21F-ADE2BD699383}.Release|x64.Build.0 = Release|iPhone
		{5EC85802-2AAE-46C5-B21F-ADE2BD699383}.Release|x64.Deploy.0 = Release|iPhone
		{5EC85802-2AAE-46C5-B21F-ADE2BD699383}.Release|x86.ActiveCfg = Release|iPhone
		{5EC85802-2AAE-46C5-B21F-ADE2BD699383}.Release|x86.Build.0 = Release|iPhone
		{5EC85802-2AAE-46C5-B21F-ADE2BD699383}.Release|x86.Deploy.0 = Release|iPhone
		{D2996E9A-1012-4F95-8B78-2B639AEC181B}.Ad-Hoc|Any CPU.ActiveCfg = Release|x86
		{D2996E9A-1012-4F95-8B78-2B639AEC181B}.Ad-Hoc|Any CPU.Build.0 = Release|x86
		{D2996E9A-1012-4F95-8B78-2B639AEC181B}.Ad-Hoc|Any CPU.Deploy.0 = Release|x86
		{D2996E9A-1012-4F95-8B78-2B639AEC181B}.Ad-Hoc|ARM.ActiveCfg = Release|ARM
		{D2996E9A-1012-4F95-8B78-2B639AEC181B}.Ad-Hoc|ARM.Build.0 = Release|ARM
		{D2996E9A-1012-4F95-8B78-2B639AEC181B}.Ad-Hoc|ARM.Deploy.0 = Release|ARM
		{D2996E9A-1012-4F95-8B78-2B639AEC181B}.Ad-Hoc|iPhone.ActiveCfg = Release|x86
		{D2996E9A-1012-4F95-8B78-2B639AEC181B}.Ad-Hoc|iPhone.Build.0 = Release|x86
		{D2996E9A-1012-4F95-8B78-2B639AEC181B}.Ad-Hoc|iPhone.Deploy.0 = Release|x86
		{D2996E9A-1012-4F95-8B78-2B639AEC181B}.Ad-Hoc|iPhoneSimulator.ActiveCfg = Release|x86
		{D2996E9A-1012-4F95-8B78-2B639AEC181B}.Ad-Hoc|iPhoneSimulator.Build.0 = Release|x86
		{D2996E9A-1012-4F95-8B78-2B639AEC181B}.Ad-Hoc|iPhoneSimulator.Deploy.0 = Release|x86
		{D2996E9A-1012-4F95-8B78-2B639AEC181B}.Ad-Hoc|x64.ActiveCfg = Release|x64
		{D2996E9A-1012-4F95-8B78-2B639AEC181B}.Ad-Hoc|x64.Build.0 = Release|x64
		{D2996E9A-1012-4F95-8B78-2B639AEC181B}.Ad-Hoc|x64.Deploy.0 = Release|x64
		{D2996E9A-1012-4F95-8B78-2B639AEC181B}.Ad-Hoc|x86.ActiveCfg = Release|x86
		{D2996E9A-1012-4F95-8B78-2B639AEC181B}.Ad-Hoc|x86.Build.0 = Release|x86
		{D2996E9A-1012-4F95-8B78-2B639AEC181B}.Ad-Hoc|x86.Deploy.0 = Release|x86
		{D2996E9A-1012-4F95-8B78-2B639AEC181B}.AppStore|Any CPU.ActiveCfg = Release|x86
		{D2996E9A-1012-4F95-8B78-2B639AEC181B}.AppStore|Any CPU.Build.0 = Release|x86
		{D2996E9A-1012-4F95-8B78-2B639AEC181B}.AppStore|Any CPU.Deploy.0 = Release|x86
		{D2996E9A-1012-4F95-8B78-2B639AEC181B}.AppStore|ARM.ActiveCfg = Release|ARM
		{D2996E9A-1012-4F95-8B78-2B639AEC181B}.AppStore|ARM.Build.0 = Release|ARM
		{D2996E9A-1012-4F95-8B78-2B639AEC181B}.AppStore|ARM.Deploy.0 = Release|ARM
		{D2996E9A-1012-4F95-8B78-2B639AEC181B}.AppStore|iPhone.ActiveCfg = Release|x86
		{D2996E9A-1012-4F95-8B78-2B639AEC181B}.AppStore|iPhone.Build.0 = Release|x86
		{D2996E9A-1012-4F95-8B78-2B639AEC181B}.AppStore|iPhone.Deploy.0 = Release|x86
		{D2996E9A-1012-4F95-8B78-2B639AEC181B}.AppStore|iPhoneSimulator.ActiveCfg = Release|x86
		{D2996E9A-1012-4F95-8B78-2B639AEC181B}.AppStore|iPhoneSimulator.Build.0 = Release|x86
		{D2996E9A-1012-4F95-8B78-2B639AEC181B}.AppStore|iPhoneSimulator.Deploy.0 = Release|x86
		{D2996E9A-1012-4F95-8B78-2B639AEC181B}.AppStore|x64.ActiveCfg = Release|x64
		{D2996E9A-1012-4F95-8B78-2B639AEC181B}.AppStore|x64.Build.0 = Release|x64
		{D2996E9A-1012-4F95-8B78-2B639AEC181B}.AppStore|x64.Deploy.0 = Release|x64
		{D2996E9A-1012-4F95-8B78-2B639AEC181B}.AppStore|x86.ActiveCfg = Release|x86
		{D2996E9A-1012-4F95-8B78-2B639AEC181B}.AppStore|x86.Build.0 = Release|x86
		{D2996E9A-1012-4F95-8B78-2B639AEC181B}.AppStore|x86.Deploy.0 = Release|x86
		{D2996E9A-1012-4F95-8B78-2B639AEC181B}.Debug|Any CPU.ActiveCfg = Debug|x86
		{D2996E9A-1012-4F95-8B78-2B639AEC181B}.Debug|Any CPU.Build.0 = Debug|x86
		{D2996E9A-1012-4F95-8B78-2B639AEC181B}.Debug|Any CPU.Deploy.0 = Debug|x86
		{D2996E9A-1012-4F95-8B78-2B639AEC181B}.Debug|ARM.ActiveCfg = Debug|ARM
		{D2996E9A-1012-4F95-8B78-2B639AEC181B}.Debug|ARM.Build.0 = Debug|ARM
		{D2996E9A-1012-4F95-8B78-2B639AEC181B}.Debug|ARM.Deploy.0 = Debug|ARM
		{D2996E9A-1012-4F95-8B78-2B639AEC181B}.Debug|iPhone.ActiveCfg = Debug|x86
		{D2996E9A-1012-4F95-8B78-2B639AEC181B}.Debug|iPhone.Build.0 = Debug|x86
		{D2996E9A-1012-4F95-8B78-2B639AEC181B}.Debug|iPhone.Deploy.0 = Debug|x86
		{D2996E9A-1012-4F95-8B78-2B639AEC181B}.Debug|iPhoneSimulator.ActiveCfg = Debug|x86
		{D2996E9A-1012-4F95-8B78-2B639AEC181B}.Debug|iPhoneSimulator.Build.0 = Debug|x86
		{D2996E9A-1012-4F95-8B78-2B639AEC181B}.Debug|iPhoneSimulator.Deploy.0 = Debug|x86
		{D2996E9A-1012-4F95-8B78-2B639AEC181B}.Debug|x64.ActiveCfg = Debug|x64
		{D2996E9A-1012-4F95-8B78-2B639AEC181B}.Debug|x64.Build.0 = Debug|x64
		{D2996E9A-1012-4F95-8B78-2B639AEC181B}.Debug|x64.Deploy.0 = Debug|x64
		{D2996E9A-1012-4F95-8B78-2B639AEC181B}.Debug|x86.ActiveCfg = Debug|x86
		{D2996E9A-1012-4F95-8B78-2B639AEC181B}.Debug|x86.Build.0 = Debug|x86
		{D2996E9A-1012-4F95-8B78-2B639AEC181B}.Debug|x86.Deploy.0 = Debug|x86
		{D2996E9A-1012-4F95-8B78-2B639AEC181B}.Release|Any CPU.ActiveCfg = Release|x86
		{D2996E9A-1012-4F95-8B78-2B639AEC181B}.Release|Any CPU.Build.0 = Release|x86
		{D2996E9A-1012-4F95-8B78-2B639AEC181B}.Release|Any CPU.Deploy.0 = Release|x86
		{D2996E9A-1012-4F95-8B78-2B639AEC181B}.Release|ARM.ActiveCfg = Release|ARM
		{D2996E9A-1012-4F95-8B78-2B639AEC181B}.Release|ARM.Build.0 = Release|ARM
		{D2996E9A-1012-4F95-8B78-2B639AEC181B}.Release|ARM.Deploy.0 = Release|ARM
		{D2996E9A-1012-4F95-8B78-2B639AEC181B}.Release|iPhone.ActiveCfg = Release|x86
		{D2996E9A-1012-4F95-8B78-2B639AEC181B}.Release|iPhone.Build.0 = Release|x86
		{D2996E9A-1012-4F95-8B78-2B639AEC181B}.Release|iPhone.Deploy.0 = Release|x86
		{D2996E9A-1012-4F95-8B78-2B639AEC181B}.Release|iPhoneSimulator.ActiveCfg = Release|x86
		{D2996E9A-1012-4F95-8B78-2B639AEC181B}.Release|iPhoneSimulator.Build.0 = Release|x86
		{D2996E9A-1012-4F95-8B78-2B639AEC181B}.Release|iPhoneSimulator.Deploy.0 = Release|x86
		{D2996E9A-1012-4F95-8B78-2B639AEC181B}.Release|x64.ActiveCfg = Release|x64
		{D2996E9A-1012-4F95-8B78-2B639AEC181B}.Release|x64.Build.0 = Release|x64
		{D2996E9A-1012-4F95-8B78-2B639AEC181B}.Release|x64.Deploy.0 = Release|x64
		{D2996E9A-1012-4F95-8B78-2B639AEC181B}.Release|x86.ActiveCfg = Release|x86
		{D2996E9A-1012-4F95-8B78-2B639AEC181B}.Release|x86.Build.0 = Release|x86
		{D2996E9A-1012-4F95-8B78-2B639AEC181B}.Release|x86.Deploy.0 = Release|x86
		{D6AA03C1-FF9F-4EF4-9B4B-6EEDC474DE78}.Ad-Hoc|Any CPU.ActiveCfg = Debug|Any CPU
		{D6AA03C1-FF9F-4EF4-9B4B-6EEDC474DE78}.Ad-Hoc|Any CPU.Build.0 = Debug|Any CPU
		{D6AA03C1-FF9F-4EF4-9B4B-6EEDC474DE78}.Ad-Hoc|Any CPU.Deploy.0 = Debug|Any CPU
		{D6AA03C1-FF9F-4EF4-9B4B-6EEDC474DE78}.Ad-Hoc|ARM.ActiveCfg = Debug|Any CPU
		{D6AA03C1-FF9F-4EF4-9B4B-6EEDC474DE78}.Ad-Hoc|ARM.Build.0 = Debug|Any CPU
		{D6AA03C1-FF9F-4EF4-9B4B-6EEDC474DE78}.Ad-Hoc|ARM.Deploy.0 = Debug|Any CPU
		{D6AA03C1-FF9F-4EF4-9B4B-6EEDC474DE78}.Ad-Hoc|iPhone.ActiveCfg = Debug|Any CPU
		{D6AA03C1-FF9F-4EF4-9B4B-6EEDC474DE78}.Ad-Hoc|iPhone.Build.0 = Debug|Any CPU
		{D6AA03C1-FF9F-4EF4-9B4B-6EEDC474DE78}.Ad-Hoc|iPhone.Deploy.0 = Debug|Any CPU
		{D6AA03C1-FF9F-4EF4-9B4B-6EEDC474DE78}.Ad-Hoc|iPhoneSimulator.ActiveCfg = Debug|Any CPU
		{D6AA03C1-FF9F-4EF4-9B4B-6EEDC474DE78}.Ad-Hoc|iPhoneSimulator.Build.0 = Debug|Any CPU
		{D6AA03C1-FF9F-4EF4-9B4B-6EEDC474DE78}.Ad-Hoc|iPhoneSimulator.Deploy.0 = Debug|Any CPU
		{D6AA03C1-FF9F-4EF4-9B4B-6EEDC474DE78}.Ad-Hoc|x64.ActiveCfg = Debug|Any CPU
		{D6AA03C1-FF9F-4EF4-9B4B-6EEDC474DE78}.Ad-Hoc|x64.Build.0 = Debug|Any CPU
		{D6AA03C1-FF9F-4EF4-9B4B-6EEDC474DE78}.Ad-Hoc|x64.Deploy.0 = Debug|Any CPU
		{D6AA03C1-FF9F-4EF4-9B4B-6EEDC474DE78}.Ad-Hoc|x86.ActiveCfg = Debug|Any CPU
		{D6AA03C1-FF9F-4EF4-9B4B-6EEDC474DE78}.Ad-Hoc|x86.Build.0 = Debug|Any CPU
		{D6AA03C1-FF9F-4EF4-9B4B-6EEDC474DE78}.Ad-Hoc|x86.Deploy.0 = Debug|Any CPU
		{D6AA03C1-FF9F-4EF4-9B4B-6EEDC474DE78}.AppStore|Any CPU.ActiveCfg = Debug|Any CPU
		{D6AA03C1-FF9F-4EF4-9B4B-6EEDC474DE78}.AppStore|Any CPU.Build.0 = Debug|Any CPU
		{D6AA03C1-FF9F-4EF4-9B4B-6EEDC474DE78}.AppStore|Any CPU.Deploy.0 = Debug|Any CPU
		{D6AA03C1-FF9F-4EF4-9B4B-6EEDC474DE78}.AppStore|ARM.ActiveCfg = Debug|Any CPU
		{D6AA03C1-FF9F-4EF4-9B4B-6EEDC474DE78}.AppStore|ARM.Build.0 = Debug|Any CPU
		{D6AA03C1-FF9F-4EF4-9B4B-6EEDC474DE78}.AppStore|ARM.Deploy.0 = Debug|Any CPU
		{D6AA03C1-FF9F-4EF4-9B4B-6EEDC474DE78}.AppStore|iPhone.ActiveCfg = Debug|Any CPU
		{D6AA03C1-FF9F-4EF4-9B4B-6EEDC474DE78}.AppStore|iPhone.Build.0 = Debug|Any CPU
		{D6AA03C1-FF9F-4EF4-9B4B-6EEDC474DE78}.AppStore|iPhone.Deploy.0 = Debug|Any CPU
		{D6AA03C1-FF9F-4EF4-9B4B-6EEDC474DE78}.AppStore|iPhoneSimulator.ActiveCfg = Debug|Any CPU
		{D6AA03C1-FF9F-4EF4-9B4B-6EEDC474DE78}.AppStore|iPhoneSimulator.Build.0 = Debug|Any CPU
		{D6AA03C1-FF9F-4EF4-9B4B-6EEDC474DE78}.AppStore|iPhoneSimulator.Deploy.0 = Debug|Any CPU
		{D6AA03C1-FF9F-4EF4-9B4B-6EEDC474DE78}.AppStore|x64.ActiveCfg = Debug|Any CPU
		{D6AA03C1-FF9F-4EF4-9B4B-6EEDC474DE78}.AppStore|x64.Build.0 = Debug|Any CPU
		{D6AA03C1-FF9F-4EF4-9B4B-6EEDC474DE78}.AppStore|x64.Deploy.0 = Debug|Any CPU
		{D6AA03C1-FF9F-4EF4-9B4B-6EEDC474DE78}.AppStore|x86.ActiveCfg = Debug|Any CPU
		{D6AA03C1-FF9F-4EF4-9B4B-6EEDC474DE78}.AppStore|x86.Build.0 = Debug|Any CPU
		{D6AA03C1-FF9F-4EF4-9B4B-6EEDC474DE78}.AppStore|x86.Deploy.0 = Debug|Any CPU
		{D6AA03C1-FF9F-4EF4-9B4B-6EEDC474DE78}.Debug|Any CPU.ActiveCfg = Debug|Any CPU
		{D6AA03C1-FF9F-4EF4-9B4B-6EEDC474DE78}.Debug|Any CPU.Build.0 = Debug|Any CPU
		{D6AA03C1-FF9F-4EF4-9B4B-6EEDC474DE78}.Debug|Any CPU.Deploy.0 = Debug|Any CPU
		{D6AA03C1-FF9F-4EF4-9B4B-6EEDC474DE78}.Debug|ARM.ActiveCfg = Debug|Any CPU
		{D6AA03C1-FF9F-4EF4-9B4B-6EEDC474DE78}.Debug|ARM.Build.0 = Debug|Any CPU
		{D6AA03C1-FF9F-4EF4-9B4B-6EEDC474DE78}.Debug|ARM.Deploy.0 = Debug|Any CPU
		{D6AA03C1-FF9F-4EF4-9B4B-6EEDC474DE78}.Debug|iPhone.ActiveCfg = Debug|Any CPU
		{D6AA03C1-FF9F-4EF4-9B4B-6EEDC474DE78}.Debug|iPhone.Build.0 = Debug|Any CPU
		{D6AA03C1-FF9F-4EF4-9B4B-6EEDC474DE78}.Debug|iPhone.Deploy.0 = Debug|Any CPU
		{D6AA03C1-FF9F-4EF4-9B4B-6EEDC474DE78}.Debug|iPhoneSimulator.ActiveCfg = Debug|Any CPU
		{D6AA03C1-FF9F-4EF4-9B4B-6EEDC474DE78}.Debug|iPhoneSimulator.Build.0 = Debug|Any CPU
		{D6AA03C1-FF9F-4EF4-9B4B-6EEDC474DE78}.Debug|iPhoneSimulator.Deploy.0 = Debug|Any CPU
		{D6AA03C1-FF9F-4EF4-9B4B-6EEDC474DE78}.Debug|x64.ActiveCfg = Debug|Any CPU
		{D6AA03C1-FF9F-4EF4-9B4B-6EEDC474DE78}.Debug|x64.Build.0 = Debug|Any CPU
		{D6AA03C1-FF9F-4EF4-9B4B-6EEDC474DE78}.Debug|x64.Deploy.0 = Debug|Any CPU
		{D6AA03C1-FF9F-4EF4-9B4B-6EEDC474DE78}.Debug|x86.ActiveCfg = Debug|Any CPU
		{D6AA03C1-FF9F-4EF4-9B4B-6EEDC474DE78}.Debug|x86.Build.0 = Debug|Any CPU
		{D6AA03C1-FF9F-4EF4-9B4B-6EEDC474DE78}.Debug|x86.Deploy.0 = Debug|Any CPU
		{D6AA03C1-FF9F-4EF4-9B4B-6EEDC474DE78}.Release|Any CPU.ActiveCfg = Release|Any CPU
		{D6AA03C1-FF9F-4EF4-9B4B-6EEDC474DE78}.Release|Any CPU.Build.0 = Release|Any CPU
		{D6AA03C1-FF9F-4EF4-9B4B-6EEDC474DE78}.Release|Any CPU.Deploy.0 = Release|Any CPU
		{D6AA03C1-FF9F-4EF4-9B4B-6EEDC474DE78}.Release|ARM.ActiveCfg = Release|Any CPU
		{D6AA03C1-FF9F-4EF4-9B4B-6EEDC474DE78}.Release|ARM.Build.0 = Release|Any CPU
		{D6AA03C1-FF9F-4EF4-9B4B-6EEDC474DE78}.Release|ARM.Deploy.0 = Release|Any CPU
		{D6AA03C1-FF9F-4EF4-9B4B-6EEDC474DE78}.Release|iPhone.ActiveCfg = Release|Any CPU
		{D6AA03C1-FF9F-4EF4-9B4B-6EEDC474DE78}.Release|iPhone.Build.0 = Release|Any CPU
		{D6AA03C1-FF9F-4EF4-9B4B-6EEDC474DE78}.Release|iPhone.Deploy.0 = Release|Any CPU
		{D6AA03C1-FF9F-4EF4-9B4B-6EEDC474DE78}.Release|iPhoneSimulator.ActiveCfg = Release|Any CPU
		{D6AA03C1-FF9F-4EF4-9B4B-6EEDC474DE78}.Release|iPhoneSimulator.Build.0 = Release|Any CPU
		{D6AA03C1-FF9F-4EF4-9B4B-6EEDC474DE78}.Release|iPhoneSimulator.Deploy.0 = Release|Any CPU
		{D6AA03C1-FF9F-4EF4-9B4B-6EEDC474DE78}.Release|x64.ActiveCfg = Release|Any CPU
		{D6AA03C1-FF9F-4EF4-9B4B-6EEDC474DE78}.Release|x64.Build.0 = Release|Any CPU
		{D6AA03C1-FF9F-4EF4-9B4B-6EEDC474DE78}.Release|x64.Deploy.0 = Release|Any CPU
		{D6AA03C1-FF9F-4EF4-9B4B-6EEDC474DE78}.Release|x86.ActiveCfg = Release|Any CPU
		{D6AA03C1-FF9F-4EF4-9B4B-6EEDC474DE78}.Release|x86.Build.0 = Release|Any CPU
		{D6AA03C1-FF9F-4EF4-9B4B-6EEDC474DE78}.Release|x86.Deploy.0 = Release|Any CPU
	EndGlobalSection
	GlobalSection(SolutionProperties) = preSolution
		HideSolutionNode = FALSE
	EndGlobalSection
	GlobalSection(ExtensibilityGlobals) = postSolution
		SolutionGuid = {4F1EF23F-87F1-4764-8AAC-09D832DC93AA}
	EndGlobalSection
EndGlobal
